
Microsoft Visual Studio Solution File, Format Version 12.00
# Visual Studio Version 17
VisualStudioVersion = 17.14.36221.1 d17.14
MinimumVisualStudioVersion = 10.0.40219.1
Project("{FAE04EC0-301F-11D3-BF4B-00C04F79EFBC}") = "AttendanceManagementSystem", "AttendanceManagementSystem\AttendanceManagementSystem.csproj", "{CADCC54B-A8EC-44BA-8DC9-152612A989D9}"
EndProject
Global
	GlobalSection(SolutionConfigurationPlatforms) = preSolution
		Debug|Any CPU = Debug|Any CPU
		Release|Any CPU = Release|Any CPU
	EndGlobalSection
	GlobalSection(ProjectConfigurationPlatforms) = postSolution
		{CADCC54B-A8EC-44BA-8DC9-152612A989D9}.Debug|Any CPU.ActiveCfg = Debug|Any CPU
		{CADCC54B-A8EC-44BA-8DC9-152612A989D9}.Debug|Any CPU.Build.0 = Debug|Any CPU
		{CADCC54B-A8EC-44BA-8DC9-152612A989D9}.Release|Any CPU.ActiveCfg = Release|Any CPU
		{CADCC54B-A8EC-44BA-8DC9-152612A989D9}.Release|Any CPU.Build.0 = Release|Any CPU
	EndGlobalSection
	GlobalSection(SolutionProperties) = preSolution
		HideSolutionNode = FALSE
	EndGlobalSection
	GlobalSection(ExtensibilityGlobals) = postSolution
		SolutionGuid = {60936C94-819A-4CE9-A7BD-BC18A7D26311}
	EndGlobalSection
EndGlobal
